// !$*UTF8*$!
{
	archiveVersion = 1;
	classes = {
	};
	objectVersion = 45;
	objects = {

/* Begin PBXBuildFile section */
		533DBF6B10645CF70018CC95 /* Renderer.framework in Frameworks */ = {isa = PBXBuildFile; fileRef = 533DBF6910645CF70018CC95 /* Renderer.framework */; };
		533DBF6C10645CF70018CC95 /* RiffIO.framework in Frameworks */ = {isa = PBXBuildFile; fileRef = 533DBF6A10645CF70018CC95 /* RiffIO.framework */; };
		533DBF9610645F330018CC95 /* RIFFDocument.mm in Sources */ = {isa = PBXBuildFile; fileRef = 533DBF9510645F330018CC95 /* RIFFDocument.mm */; };
		533DBFA1106460CE0018CC95 /* Cocoa.framework in Frameworks */ = {isa = PBXBuildFile; fileRef = 533DBFA0106460CE0018CC95 /* Cocoa.framework */; };
		533DC02F106461300018CC95 /* Renderer.framework in CopyFiles */ = {isa = PBXBuildFile; fileRef = 533DBF6910645CF70018CC95 /* Renderer.framework */; };
		533DC030106461300018CC95 /* RiffIO.framework in CopyFiles */ = {isa = PBXBuildFile; fileRef = 533DBF6A10645CF70018CC95 /* RiffIO.framework */; };
		8DD76F9A0486AA7600D96B5E /* riffopen.m in Sources */ = {isa = PBXBuildFile; fileRef = 08FB7796FE84155DC02AAC07 /* riffopen.m */; settings = {ATTRIBUTES = (); }; };
		8DD76F9C0486AA7600D96B5E /* Foundation.framework in Frameworks */ = {isa = PBXBuildFile; fileRef = 08FB779EFE84155DC02AAC07 /* Foundation.framework */; };
/* End PBXBuildFile section */

/* Begin PBXCopyFilesBuildPhase section */
		533DC035106461430018CC95 /* CopyFiles */ = {
			isa = PBXCopyFilesBuildPhase;
			buildActionMask = 2147483647;
			dstPath = "";
			dstSubfolderSpec = 10;
			files = (
				533DC02F106461300018CC95 /* Renderer.framework in CopyFiles */,
				533DC030106461300018CC95 /* RiffIO.framework in CopyFiles */,
			);
			runOnlyForDeploymentPostprocessing = 0;
		};
/* End PBXCopyFilesBuildPhase section */

/* Begin PBXFileReference section */
		08FB7796FE84155DC02AAC07 /* riffopen.m */ = {isa = PBXFileReference; fileEncoding = 4; lastKnownFileType = sourcecode.c.objc; path = riffopen.m; sourceTree = "<group>"; };
		08FB779EFE84155DC02AAC07 /* Foundation.framework */ = {isa = PBXFileReference; lastKnownFileType = wrapper.framework; name = Foundation.framework; path = /System/Library/Frameworks/Foundation.framework; sourceTree = "<absolute>"; };
		32A70AAB03705E1F00C91783 /* prefix.pch */ = {isa = PBXFileReference; fileEncoding = 4; lastKnownFileType = sourcecode.c.h; path = prefix.pch; sourceTree = "<group>"; };
		533DBF6910645CF70018CC95 /* Renderer.framework */ = {isa = PBXFileReference; lastKnownFileType = wrapper.framework; name = Renderer.framework; path = "/Applications/Corel Painter 11/Corel Painter 11.app/Contents/Frameworks/Renderer.framework"; sourceTree = "<absolute>"; };
		533DBF6A10645CF70018CC95 /* RiffIO.framework */ = {isa = PBXFileReference; lastKnownFileType = wrapper.framework; name = RiffIO.framework; path = "/Applications/Corel Painter 11/Corel Painter 11.app/Contents/Frameworks/RiffIO.framework"; sourceTree = "<absolute>"; };
		533DBF9410645F330018CC95 /* RIFFDocument.h */ = {isa = PBXFileReference; fileEncoding = 4; lastKnownFileType = sourcecode.c.h; path = RIFFDocument.h; sourceTree = "<group>"; };
		533DBF9510645F330018CC95 /* RIFFDocument.mm */ = {isa = PBXFileReference; fileEncoding = 4; lastKnownFileType = sourcecode.cpp.objcpp; path = RIFFDocument.mm; sourceTree = "<group>"; };
		533DBFA0106460CE0018CC95 /* Cocoa.framework */ = {isa = PBXFileReference; lastKnownFileType = wrapper.framework; name = Cocoa.framework; path = /System/Library/Frameworks/Cocoa.framework; sourceTree = "<absolute>"; };
		8DD76FA10486AA7600D96B5E /* riffopen */ = {isa = PBXFileReference; explicitFileType = "compiled.mach-o.executable"; includeInIndex = 0; path = riffopen; sourceTree = BUILT_PRODUCTS_DIR; };
/* End PBXFileReference section */

/* Begin PBXFrameworksBuildPhase section */
		8DD76F9B0486AA7600D96B5E /* Frameworks */ = {
			isa = PBXFrameworksBuildPhase;
			buildActionMask = 2147483647;
			files = (
				8DD76F9C0486AA7600D96B5E /* Foundation.framework in Frameworks */,
				533DBF6B10645CF70018CC95 /* Renderer.framework in Frameworks */,
				533DBF6C10645CF70018CC95 /* RiffIO.framework in Frameworks */,
				533DBFA1106460CE0018CC95 /* Cocoa.framework in Frameworks */,
			);
			runOnlyForDeploymentPostprocessing = 0;
		};
/* End PBXFrameworksBuildPhase section */

/* Begin PBXGroup section */
		08FB7794FE84155DC02AAC07 /* riffopen */ = {
			isa = PBXGroup;
			children = (
				08FB7795FE84155DC02AAC07 /* Source */,
				08FB779DFE84155DC02AAC07 /* External Frameworks and Libraries */,
				1AB674ADFE9D54B511CA2CBB /* Products */,
			);
			name = riffopen;
			sourceTree = "<group>";
		};
		08FB7795FE84155DC02AAC07 /* Source */ = {
			isa = PBXGroup;
			children = (
				32A70AAB03705E1F00C91783 /* prefix.pch */,
				08FB7796FE84155DC02AAC07 /* riffopen.m */,
				533DBF9410645F330018CC95 /* RIFFDocument.h */,
				533DBF9510645F330018CC95 /* RIFFDocument.mm */,
			);
			name = Source;
			sourceTree = "<group>";
		};
		08FB779DFE84155DC02AAC07 /* External Frameworks and Libraries */ = {
			isa = PBXGroup;
			children = (
				08FB779EFE84155DC02AAC07 /* Foundation.framework */,
				533DBFA0106460CE0018CC95 /* Cocoa.framework */,
				533DBF6810645CF70018CC95 /* Corel Frameworks */,
			);
			name = "External Frameworks and Libraries";
			sourceTree = "<group>";
		};
		1AB674ADFE9D54B511CA2CBB /* Products */ = {
			isa = PBXGroup;
			children = (
				8DD76FA10486AA7600D96B5E /* riffopen */,
			);
			name = Products;
			sourceTree = "<group>";
		};
		533DBF6810645CF70018CC95 /* Corel Frameworks */ = {
			isa = PBXGroup;
			children = (
				533DBF6910645CF70018CC95 /* Renderer.framework */,
				533DBF6A10645CF70018CC95 /* RiffIO.framework */,
			);
			name = "Corel Frameworks";
			sourceTree = "<group>";
		};
/* End PBXGroup section */

/* Begin PBXNativeTarget section */
		8DD76F960486AA7600D96B5E /* riffopen */ = {
			isa = PBXNativeTarget;
			buildConfigurationList = 1DEB927408733DD40010E9CD /* Build configuration list for PBXNativeTarget "riffopen" */;
			buildPhases = (
				8DD76F990486AA7600D96B5E /* Sources */,
				8DD76F9B0486AA7600D96B5E /* Frameworks */,
				533DC035106461430018CC95 /* CopyFiles */,
			);
			buildRules = (
			);
			dependencies = (
			);
			name = riffopen;
			productInstallPath = "$(HOME)/bin";
			productName = riffopen;
			productReference = 8DD76FA10486AA7600D96B5E /* riffopen */;
			productType = "com.apple.product-type.tool";
		};
/* End PBXNativeTarget section */

/* Begin PBXProject section */
		08FB7793FE84155DC02AAC07 /* Project object */ = {
			isa = PBXProject;
			buildConfigurationList = 1DEB927808733DD40010E9CD /* Build configuration list for PBXProject "riffopen" */;
			compatibilityVersion = "Xcode 3.1";
			hasScannedForEncodings = 1;
			mainGroup = 08FB7794FE84155DC02AAC07 /* riffopen */;
			projectDirPath = "";
			projectRoot = "";
			targets = (
				8DD76F960486AA7600D96B5E /* riffopen */,
			);
		};
/* End PBXProject section */

/* Begin PBXSourcesBuildPhase section */
		8DD76F990486AA7600D96B5E /* Sources */ = {
			isa = PBXSourcesBuildPhase;
			buildActionMask = 2147483647;
			files = (
				8DD76F9A0486AA7600D96B5E /* riffopen.m in Sources */,
				533DBF9610645F330018CC95 /* RIFFDocument.mm in Sources */,
			);
			runOnlyForDeploymentPostprocessing = 0;
		};
/* End PBXSourcesBuildPhase section */

/* Begin XCBuildConfiguration section */
		1DEB927508733DD40010E9CD /* Debug */ = {
			isa = XCBuildConfiguration;
			buildSettings = {
				ALWAYS_SEARCH_USER_PATHS = NO;
				COPY_PHASE_STRIP = NO;
				FRAMEWORK_SEARCH_PATHS = (
					"$(inherited)",
					"\"$(SYSTEM_APPS_DIR)/Corel Painter 11/Corel Painter 11.app/Contents/Frameworks\"",
				);
				GCC_DYNAMIC_NO_PIC = NO;
				GCC_ENABLE_FIX_AND_CONTINUE = YES;
				GCC_MODEL_TUNING = G5;
				GCC_OPTIMIZATION_LEVEL = 0;
				GCC_PRECOMPILE_PREFIX_HEADER = YES;
				GCC_PREFIX_HEADER = prefix.pch;
				INSTALL_PATH = /usr/local/bin;
				PRODUCT_NAME = riffopen;
			};
			name = Debug;
		};
		1DEB927608733DD40010E9CD /* Release */ = {
			isa = XCBuildConfiguration;
			buildSettings = {
				ALWAYS_SEARCH_USER_PATHS = NO;
				DEBUG_INFORMATION_FORMAT = "dwarf-with-dsym";
				FRAMEWORK_SEARCH_PATHS = (
					"$(inherited)",
					"\"$(SYSTEM_APPS_DIR)/Corel Painter 11/Corel Painter 11.app/Contents/Frameworks\"",
				);
				GCC_MODEL_TUNING = G5;
				GCC_PRECOMPILE_PREFIX_HEADER = YES;
				GCC_PREFIX_HEADER = prefix.pch;
				INSTALL_PATH = /usr/local/bin;
				PRODUCT_NAME = riffopen;
			};
			name = Release;
		};
		1DEB927908733DD40010E9CD /* Debug */ = {
			isa = XCBuildConfiguration;
			buildSettings = {
				ARCHS = i386;
				GCC_C_LANGUAGE_STANDARD = gnu99;
				GCC_OPTIMIZATION_LEVEL = 0;
				GCC_WARN_ABOUT_RETURN_TYPE = YES;
				GCC_WARN_UNUSED_VARIABLE = YES;
				ONLY_ACTIVE_ARCH = YES;
				PREBINDING = NO;
				SDKROOT = macosx10.6;
			};
			name = Debug;
		};
		1DEB927A08733DD40010E9CD /* Release */ = {
			isa = XCBuildConfiguration;
			buildSettings = {
				ARCHS = i386;
				GCC_C_LANGUAGE_STANDARD = gnu99;
				GCC_WARN_ABOUT_RETURN_TYPE = YES;
				GCC_WARN_UNUSED_VARIABLE = YES;
				PREBINDING = NO;
				SDKROOT = macosx10.6;
			};
			name = Release;
		};
/* End XCBuildConfiguration section */

/* Begin XCConfigurationList section */
		1DEB927408733DD40010E9CD /* Build configuration list for PBXNativeTarget "riffopen" */ = {
			isa = XCConfigurationList;
			buildConfigurations = (
				1DEB927508733DD40010E9CD /* Debug */,
				1DEB927608733DD40010E9CD /* Release */,
			);
			defaultConfigurationIsVisible = 0;
			defaultConfigurationName = Release;
		};
		1DEB927808733DD40010E9CD /* Build configuration list for PBXProject "riffopen" */ = {
			isa = XCConfigurationList;
			buildConfigurations = (
				1DEB927908733DD40010E9CD /* Debug */,
				1DEB927A08733DD40010E9CD /* Release */,
			);
			defaultConfigurationIsVisible = 0;
			defaultConfigurationName = Release;
		};
/* End XCConfigurationList section */
	};
	rootObject = 08FB7793FE84155DC02AAC07 /* Project object */;
}
